
Microsoft Visual Studio Solution File, Format Version 12.00
# Visual Studio Version 16
VisualStudioVersion = 16.0.31624.102
MinimumVisualStudioVersion = 10.0.40219.1
Project("{FAE04EC0-301F-11D3-BF4B-00C04F79EFBC}") = "FindNumersDivider", "FindNumersDivider.Entrypoint\FindNumersDivider.Entrypoint.csproj", "{4AF1C9ED-E1B5-449E-8C4B-E8C646EDCA44}"
EndProject
Global
	GlobalSection(SolutionConfigurationPlatforms) = preSolution
		Debug|Any CPU = Debug|Any CPU
		Release|Any CPU = Release|Any CPU
	EndGlobalSection
	GlobalSection(ProjectConfigurationPlatforms) = postSolution
		{4AF1C9ED-E1B5-449E-8C4B-E8C646EDCA44}.Debug|Any CPU.ActiveCfg = Debug|Any CPU
		{4AF1C9ED-E1B5-449E-8C4B-E8C646EDCA44}.Debug|Any CPU.Build.0 = Debug|Any CPU
		{4AF1C9ED-E1B5-449E-8C4B-E8C646EDCA44}.Release|Any CPU.ActiveCfg = Release|Any CPU
		{4AF1C9ED-E1B5-449E-8C4B-E8C646EDCA44}.Release|Any CPU.Build.0 = Release|Any CPU
	EndGlobalSection
	GlobalSection(SolutionProperties) = preSolution
		HideSolutionNode = FALSE
	EndGlobalSection
	GlobalSection(ExtensibilityGlobals) = postSolution
		SolutionGuid = {B59880F7-B705-4523-919C-305BC8EB7439}
	EndGlobalSection
EndGlobal
